
Microsoft Visual Studio Solution File, Format Version 12.00
# Visual Studio Version 16
VisualStudioVersion = 16.0.33328.57
MinimumVisualStudioVersion = 10.0.40219.1
Project("{FAE04EC0-301F-11D3-BF4B-00C04F79EFBC}") = "Lab1", "Lab1\Lab1.csproj", "{928A44F9-0CB8-4C50-B441-0D7B53CBAE23}"
EndProject
Project("{FAE04EC0-301F-11D3-BF4B-00C04F79EFBC}") = "Lab2", "Lab2\Lab2.csproj", "{D6D6535A-B56D-4A8E-94FD-DEEF6794AD6C}"
EndProject
Project("{FAE04EC0-301F-11D3-BF4B-00C04F79EFBC}") = "Lab3", "Lab3\Lab3.csproj", "{7D0775DA-17D9-466A-8C2F-E65006681E76}"
EndProject
Global
	GlobalSection(SolutionConfigurationPlatforms) = preSolution
		Debug|Any CPU = Debug|Any CPU
		Release|Any CPU = Release|Any CPU
	EndGlobalSection
	GlobalSection(ProjectConfigurationPlatforms) = postSolution
		{928A44F9-0CB8-4C50-B441-0D7B53CBAE23}.Debug|Any CPU.ActiveCfg = Debug|Any CPU
		{928A44F9-0CB8-4C50-B441-0D7B53CBAE23}.Debug|Any CPU.Build.0 = Debug|Any CPU
		{928A44F9-0CB8-4C50-B441-0D7B53CBAE23}.Release|Any CPU.ActiveCfg = Release|Any CPU
		{928A44F9-0CB8-4C50-B441-0D7B53CBAE23}.Release|Any CPU.Build.0 = Release|Any CPU
		{D6D6535A-B56D-4A8E-94FD-DEEF6794AD6C}.Debug|Any CPU.ActiveCfg = Debug|Any CPU
		{D6D6535A-B56D-4A8E-94FD-DEEF6794AD6C}.Debug|Any CPU.Build.0 = Debug|Any CPU
		{D6D6535A-B56D-4A8E-94FD-DEEF6794AD6C}.Release|Any CPU.ActiveCfg = Release|Any CPU
		{D6D6535A-B56D-4A8E-94FD-DEEF6794AD6C}.Release|Any CPU.Build.0 = Release|Any CPU
		{7D0775DA-17D9-466A-8C2F-E65006681E76}.Debug|Any CPU.ActiveCfg = Debug|Any CPU
		{7D0775DA-17D9-466A-8C2F-E65006681E76}.Debug|Any CPU.Build.0 = Debug|Any CPU
		{7D0775DA-17D9-466A-8C2F-E65006681E76}.Release|Any CPU.ActiveCfg = Release|Any CPU
		{7D0775DA-17D9-466A-8C2F-E65006681E76}.Release|Any CPU.Build.0 = Release|Any CPU
	EndGlobalSection
	GlobalSection(SolutionProperties) = preSolution
		HideSolutionNode = FALSE
	EndGlobalSection
	GlobalSection(ExtensibilityGlobals) = postSolution
		SolutionGuid = {C8DCD763-EC8B-4EB6-8769-5937A2A6087F}
	EndGlobalSection
EndGlobal
